
Microsoft Visual Studio Solution File, Format Version 12.00
# Visual Studio Version 16
VisualStudioVersion = 16.0.30907.101
MinimumVisualStudioVersion = 10.0.40219.1
Project("{FAE04EC0-301F-11D3-BF4B-00C04F79EFBC}") = "Sous_Cloud_Pantry_V2", "Sous_Cloud_Pantry_V2\Sous_Cloud_Pantry_V2.csproj", "{1BEDF184-4C7D-4FF7-BFAB-136545632830}"
EndProject
Global
	GlobalSection(SolutionConfigurationPlatforms) = preSolution
		Debug|Any CPU = Debug|Any CPU
		Release|Any CPU = Release|Any CPU
	EndGlobalSection
	GlobalSection(ProjectConfigurationPlatforms) = postSolution
		{1BEDF184-4C7D-4FF7-BFAB-136545632830}.Debug|Any CPU.ActiveCfg = Debug|Any CPU
		{1BEDF184-4C7D-4FF7-BFAB-136545632830}.Debug|Any CPU.Build.0 = Debug|Any CPU
		{1BEDF184-4C7D-4FF7-BFAB-136545632830}.Release|Any CPU.ActiveCfg = Release|Any CPU
		{1BEDF184-4C7D-4FF7-BFAB-136545632830}.Release|Any CPU.Build.0 = Release|Any CPU
	EndGlobalSection
	GlobalSection(SolutionProperties) = preSolution
		HideSolutionNode = FALSE
	EndGlobalSection
	GlobalSection(ExtensibilityGlobals) = postSolution
		SolutionGuid = {BFBF02BE-9BC7-4B31-A57E-CA7B8C9C335E}
	EndGlobalSection
EndGlobal
